// !$*UTF8*$!
{
	archiveVersion = 1;
	classes = {
	};
	objectVersion = 46;
	objects = {

/* Begin PBXBuildFile section */
		6134AE4D1944D769001BA921 /* AppDelegate.swift in Sources */ = {isa = PBXBuildFile; fileRef = 6134AE4C1944D769001BA921 /* AppDelegate.swift */; };
		6134AE4F1944D769001BA921 /* ViewController.swift in Sources */ = {isa = PBXBuildFile; fileRef = 6134AE4E1944D769001BA921 /* ViewController.swift */; };
		6134AE521944D769001BA921 /* Main.storyboard in Resources */ = {isa = PBXBuildFile; fileRef = 6134AE501944D769001BA921 /* Main.storyboard */; };
		6134AE541944D769001BA921 /* Images.xcassets in Resources */ = {isa = PBXBuildFile; fileRef = 6134AE531944D769001BA921 /* Images.xcassets */; };
		6134AE601944D769001BA921 /* swiftApp1Tests.swift in Sources */ = {isa = PBXBuildFile; fileRef = 6134AE5F1944D769001BA921 /* swiftApp1Tests.swift */; };
/* End PBXBuildFile section */

/* Begin PBXContainerItemProxy section */
		6134AE5A1944D769001BA921 /* PBXContainerItemProxy */ = {
			isa = PBXContainerItemProxy;
			containerPortal = 6134AE3F1944D769001BA921 /* Project object */;
			proxyType = 1;
			remoteGlobalIDString = 6134AE461944D769001BA921;
			remoteInfo = swiftApp1;
		};
/* End PBXContainerItemProxy section */

/* Begin PBXFileReference section */
		6134AE471944D769001BA921 /* swiftApp1.app */ = {isa = PBXFileReference; explicitFileType = wrapper.application; includeInIndex = 0; path = swiftApp1.app; sourceTree = BUILT_PRODUCTS_DIR; };
		6134AE4B1944D769001BA921 /* Info.plist */ = {isa = PBXFileReference; lastKnownFileType = text.plist.xml; path = Info.plist; sourceTree = "<group>"; };
		6134AE4C1944D769001BA921 /* AppDelegate.swift */ = {isa = PBXFileReference; lastKnownFileType = sourcecode.swift; path = AppDelegate.swift; sourceTree = "<group>"; };
		6134AE4E1944D769001BA921 /* ViewController.swift */ = {isa = PBXFileReference; lastKnownFileType = sourcecode.swift; path = ViewController.swift; sourceTree = "<group>"; };
		6134AE511944D769001BA921 /* Base */ = {isa = PBXFileReference; lastKnownFileType = file.storyboard; name = Base; path = Base.lproj/Main.storyboard; sourceTree = "<group>"; };
		6134AE531944D769001BA921 /* Images.xcassets */ = {isa = PBXFileReference; lastKnownFileType = folder.assetcatalog; path = Images.xcassets; sourceTree = "<group>"; };
		6134AE591944D769001BA921 /* swiftApp1Tests.xctest */ = {isa = PBXFileReference; explicitFileType = wrapper.cfbundle; includeInIndex = 0; path = swiftApp1Tests.xctest; sourceTree = BUILT_PRODUCTS_DIR; };
		6134AE5E1944D769001BA921 /* Info.plist */ = {isa = PBXFileReference; lastKnownFileType = text.plist.xml; path = Info.plist; sourceTree = "<group>"; };
		6134AE5F1944D769001BA921 /* swiftApp1Tests.swift */ = {isa = PBXFileReference; lastKnownFileType = sourcecode.swift; path = swiftApp1Tests.swift; sourceTree = "<group>"; };
/* End PBXFileReference section */

/* Begin PBXFrameworksBuildPhase section */
		6134AE441944D769001BA921 /* Frameworks */ = {
			isa = PBXFrameworksBuildPhase;
			buildActionMask = 2147483647;
			files = (
			);
			runOnlyForDeploymentPostprocessing = 0;
		};
		6134AE561944D769001BA921 /* Frameworks */ = {
			isa = PBXFrameworksBuildPhase;
			buildActionMask = 2147483647;
			files = (
			);
			runOnlyForDeploymentPostprocessing = 0;
		};
/* End PBXFrameworksBuildPhase section */

/* Begin PBXGroup section */
		6134AE3E1944D769001BA921 = {
			isa = PBXGroup;
			children = (
				6134AE491944D769001BA921 /* swiftApp1 */,
				6134AE5C1944D769001BA921 /* swiftApp1Tests */,
				6134AE481944D769001BA921 /* Products */,
			);
			sourceTree = "<group>";
		};
		6134AE481944D769001BA921 /* Products */ = {
			isa = PBXGroup;
			children = (
				6134AE471944D769001BA921 /* swiftApp1.app */,
				6134AE591944D769001BA921 /* swiftApp1Tests.xctest */,
			);
			name = Products;
			sourceTree = "<group>";
		};
		6134AE491944D769001BA921 /* swiftApp1 */ = {
			isa = PBXGroup;
			children = (
				6134AE4C1944D769001BA921 /* AppDelegate.swift */,
				6134AE4E1944D769001BA921 /* ViewController.swift */,
				6134AE501944D769001BA921 /* Main.storyboard */,
				6134AE531944D769001BA921 /* Images.xcassets */,
				6134AE4A1944D769001BA921 /* Supporting Files */,
			);
			path = swiftApp1;
			sourceTree = "<group>";
		};
		6134AE4A1944D769001BA921 /* Supporting Files */ = {
			isa = PBXGroup;
			children = (
				6134AE4B1944D769001BA921 /* Info.plist */,
			);
			name = "Supporting Files";
			sourceTree = "<group>";
		};
		6134AE5C1944D769001BA921 /* swiftApp1Tests */ = {
			isa = PBXGroup;
			children = (
				6134AE5F1944D769001BA921 /* swiftApp1Tests.swift */,
				6134AE5D1944D769001BA921 /* Supporting Files */,
			);
			path = swiftApp1Tests;
			sourceTree = "<group>";
		};
		6134AE5D1944D769001BA921 /* Supporting Files */ = {
			isa = PBXGroup;
			children = (
				6134AE5E1944D769001BA921 /* Info.plist */,
			);
			name = "Supporting Files";
			sourceTree = "<group>";
		};
/* End PBXGroup section */

/* Begin PBXNativeTarget section */
		6134AE461944D769001BA921 /* swiftApp1 */ = {
			isa = PBXNativeTarget;
			buildConfigurationList = 6134AE631944D769001BA921 /* Build configuration list for PBXNativeTarget "swiftApp1" */;
			buildPhases = (
				6134AE431944D769001BA921 /* Sources */,
				6134AE441944D769001BA921 /* Frameworks */,
				6134AE451944D769001BA921 /* Resources */,
			);
			buildRules = (
			);
			dependencies = (
			);
			name = swiftApp1;
			productName = swiftApp1;
			productReference = 6134AE471944D769001BA921 /* swiftApp1.app */;
			productType = "com.apple.product-type.application";
		};
		6134AE581944D769001BA921 /* swiftApp1Tests */ = {
			isa = PBXNativeTarget;
			buildConfigurationList = 6134AE661944D769001BA921 /* Build configuration list for PBXNativeTarget "swiftApp1Tests" */;
			buildPhases = (
				6134AE551944D769001BA921 /* Sources */,
				6134AE561944D769001BA921 /* Frameworks */,
				6134AE571944D769001BA921 /* Resources */,
			);
			buildRules = (
			);
			dependencies = (
				6134AE5B1944D769001BA921 /* PBXTargetDependency */,
			);
			name = swiftApp1Tests;
			productName = swiftApp1Tests;
			productReference = 6134AE591944D769001BA921 /* swiftApp1Tests.xctest */;
			productType = "com.apple.product-type.bundle.unit-test";
		};
/* End PBXNativeTarget section */

/* Begin PBXProject section */
		6134AE3F1944D769001BA921 /* Project object */ = {
			isa = PBXProject;
			attributes = {
				LastUpgradeCheck = 0600;
				TargetAttributes = {
					6134AE461944D769001BA921 = {
						CreatedOnToolsVersion = 6.0;
					};
					6134AE581944D769001BA921 = {
						CreatedOnToolsVersion = 6.0;
						TestTargetID = 6134AE461944D769001BA921;
					};
				};
			};
			buildConfigurationList = 6134AE421944D769001BA921 /* Build configuration list for PBXProject "swiftApp1" */;
			compatibilityVersion = "Xcode 3.2";
			developmentRegion = English;
			hasScannedForEncodings = 0;
			knownRegions = (
				en,
				Base,
			);
			mainGroup = 6134AE3E1944D769001BA921;
			productRefGroup = 6134AE481944D769001BA921 /* Products */;
			projectDirPath = "";
			projectRoot = "";
			targets = (
				6134AE461944D769001BA921 /* swiftApp1 */,
				6134AE581944D769001BA921 /* swiftApp1Tests */,
			);
		};
/* End PBXProject section */

/* Begin PBXResourcesBuildPhase section */
		6134AE451944D769001BA921 /* Resources */ = {
			isa = PBXResourcesBuildPhase;
			buildActionMask = 2147483647;
			files = (
				6134AE521944D769001BA921 /* Main.storyboard in Resources */,
				6134AE541944D769001BA921 /* Images.xcassets in Resources */,
			);
			runOnlyForDeploymentPostprocessing = 0;
		};
		6134AE571944D769001BA921 /* Resources */ = {
			isa = PBXResourcesBuildPhase;
			buildActionMask = 2147483647;
			files = (
			);
			runOnlyForDeploymentPostprocessing = 0;
		};
/* End PBXResourcesBuildPhase section */

/* Begin PBXSourcesBuildPhase section */
		6134AE431944D769001BA921 /* Sources */ = {
			isa = PBXSourcesBuildPhase;
			buildActionMask = 2147483647;
			files = (
				6134AE4F1944D769001BA921 /* ViewController.swift in Sources */,
				6134AE4D1944D769001BA921 /* AppDelegate.swift in Sources */,
			);
			runOnlyForDeploymentPostprocessing = 0;
		};
		6134AE551944D769001BA921 /* Sources */ = {
			isa = PBXSourcesBuildPhase;
			buildActionMask = 2147483647;
			files = (
				6134AE601944D769001BA921 /* swiftApp1Tests.swift in Sources */,
			);
			runOnlyForDeploymentPostprocessing = 0;
		};
/* End PBXSourcesBuildPhase section */

/* Begin PBXTargetDependency section */
		6134AE5B1944D769001BA921 /* PBXTargetDependency */ = {
			isa = PBXTargetDependency;
			target = 6134AE461944D769001BA921 /* swiftApp1 */;
			targetProxy = 6134AE5A1944D769001BA921 /* PBXContainerItemProxy */;
		};
/* End PBXTargetDependency section */

/* Begin PBXVariantGroup section */
		6134AE501944D769001BA921 /* Main.storyboard */ = {
			isa = PBXVariantGroup;
			children = (
				6134AE511944D769001BA921 /* Base */,
			);
			name = Main.storyboard;
			sourceTree = "<group>";
		};
/* End PBXVariantGroup section */

/* Begin XCBuildConfiguration section */
		6134AE611944D769001BA921 /* Debug */ = {
			isa = XCBuildConfiguration;
			buildSettings = {
				ALWAYS_SEARCH_USER_PATHS = NO;
				CLANG_CXX_LANGUAGE_STANDARD = "gnu++0x";
				CLANG_CXX_LIBRARY = "libc++";
				CLANG_ENABLE_MODULES = YES;
				CLANG_ENABLE_OBJC_ARC = YES;
				CLANG_WARN_BOOL_CONVERSION = YES;
				CLANG_WARN_CONSTANT_CONVERSION = YES;
				CLANG_WARN_DIRECT_OBJC_ISA_USAGE = YES_ERROR;
				CLANG_WARN_EMPTY_BODY = YES;
				CLANG_WARN_ENUM_CONVERSION = YES;
				CLANG_WARN_INT_CONVERSION = YES;
				CLANG_WARN_OBJC_ROOT_CLASS = YES_ERROR;
				CLANG_WARN_UNREACHABLE_CODE = YES;
				CLANG_WARN__DUPLICATE_METHOD_MATCH = YES;
				"CODE_SIGN_IDENTITY[sdk=iphoneos*]" = "iPhone Developer";
				COPY_PHASE_STRIP = NO;
				ENABLE_STRICT_OBJC_MSGSEND = YES;
				GCC_C_LANGUAGE_STANDARD = gnu99;
				GCC_DYNAMIC_NO_PIC = NO;
				GCC_OPTIMIZATION_LEVEL = 0;
				GCC_PREPROCESSOR_DEFINITIONS = (
					"DEBUG=1",
					"$(inherited)",
				);
				GCC_SYMBOLS_PRIVATE_EXTERN = NO;
				GCC_WARN_64_TO_32_BIT_CONVERSION = YES;
				GCC_WARN_ABOUT_RETURN_TYPE = YES_ERROR;
				GCC_WARN_UNDECLARED_SELECTOR = YES;
				GCC_WARN_UNINITIALIZED_AUTOS = YES_AGGRESSIVE;
				GCC_WARN_UNUSED_FUNCTION = YES;
				GCC_WARN_UNUSED_VARIABLE = YES;
				IPHONEOS_DEPLOYMENT_TARGET = 8.0;
				METAL_ENABLE_DEBUG_INFO = YES;
				ONLY_ACTIVE_ARCH = YES;
				SDKROOT = iphoneos;
				SWIFT_OPTIMIZATION_LEVEL = "-Onone";
			};
			name = Debug;
		};
		6134AE621944D769001BA921 /* Release */ = {
			isa = XCBuildConfiguration;
			buildSettings = {
				ALWAYS_SEARCH_USER_PATHS = NO;
				CLANG_CXX_LANGUAGE_STANDARD = "gnu++0x";
				CLANG_CXX_LIBRARY = "libc++";
				CLANG_ENABLE_MODULES = YES;
				CLANG_ENABLE_OBJC_ARC = YES;
				CLANG_WARN_BOOL_CONVERSION = YES;
				CLANG_WARN_CONSTANT_CONVERSION = YES;
				CLANG_WARN_DIRECT_OBJC_ISA_USAGE = YES_ERROR;
				CLANG_WARN_EMPTY_BODY = YES;
				CLANG_WARN_ENUM_CONVERSION = YES;
				CLANG_WARN_INT_CONVERSION = YES;
				CLANG_WARN_OBJC_ROOT_CLASS = YES_ERROR;
				CLANG_WARN_UNREACHABLE_CODE = YES;
				CLANG_WARN__DUPLICATE_METHOD_MATCH = YES;
				"CODE_SIGN_IDENTITY[sdk=iphoneos*]" = "iPhone Developer";
				COPY_PHASE_STRIP = YES;
				ENABLE_NS_ASSERTIONS = NO;
				ENABLE_STRICT_OBJC_MSGSEND = YES;
				GCC_C_LANGUAGE_STANDARD = gnu99;
				GCC_WARN_64_TO_32_BIT_CONVERSION = YES;
				GCC_WARN_ABOUT_RETURN_TYPE = YES_ERROR;
				GCC_WARN_UNDECLARED_SELECTOR = YES;
				GCC_WARN_UNINITIALIZED_AUTOS = YES_AGGRESSIVE;
				GCC_WARN_UNUSED_FUNCTION = YES;
				GCC_WARN_UNUSED_VARIABLE = YES;
				IPHONEOS_DEPLOYMENT_TARGET = 8.0;
				METAL_ENABLE_DEBUG_INFO = NO;
				SDKROOT = iphoneos;
				VALIDATE_PRODUCT = YES;
			};
			name = Release;
		};
		6134AE641944D769001BA921 /* Debug */ = {
			isa = XCBuildConfiguration;
			buildSettings = {
				ASSETCATALOG_COMPILER_APPICON_NAME = AppIcon;
				ASSETCATALOG_COMPILER_LAUNCHIMAGE_NAME = LaunchImage;
				INFOPLIST_FILE = swiftApp1/Info.plist;
				LD_RUNPATH_SEARCH_PATHS = "$(inherited) @executable_path/Frameworks";
				PRODUCT_NAME = "$(TARGET_NAME)";
			};
			name = Debug;
		};
		6134AE651944D769001BA921 /* Release */ = {
			isa = XCBuildConfiguration;
			buildSettings = {
				ASSETCATALOG_COMPILER_APPICON_NAME = AppIcon;
				ASSETCATALOG_COMPILER_LAUNCHIMAGE_NAME = LaunchImage;
				INFOPLIST_FILE = swiftApp1/Info.plist;
				LD_RUNPATH_SEARCH_PATHS = "$(inherited) @executable_path/Frameworks";
				PRODUCT_NAME = "$(TARGET_NAME)";
			};
			name = Release;
		};
		6134AE671944D769001BA921 /* Debug */ = {
			isa = XCBuildConfiguration;
			buildSettings = {
				BUNDLE_LOADER = "$(BUILT_PRODUCTS_DIR)/swiftApp1.app/swiftApp1";
				FRAMEWORK_SEARCH_PATHS = (
					"$(SDKROOT)/Developer/Library/Frameworks",
					"$(inherited)",
				);
				GCC_PREPROCESSOR_DEFINITIONS = (
					"DEBUG=1",
					"$(inherited)",
				);
				INFOPLIST_FILE = swiftApp1Tests/Info.plist;
				LD_RUNPATH_SEARCH_PATHS = "$(inherited) @executable_path/Frameworks @loader_path/Frameworks";
				METAL_ENABLE_DEBUG_INFO = YES;
				PRODUCT_NAME = "$(TARGET_NAME)";
				TEST_HOST = "$(BUNDLE_LOADER)";
			};
			name = Debug;
		};
		6134AE681944D769001BA921 /* Release */ = {
			isa = XCBuildConfiguration;
			buildSettings = {
				BUNDLE_LOADER = "$(BUILT_PRODUCTS_DIR)/swiftApp1.app/swiftApp1";
				FRAMEWORK_SEARCH_PATHS = (
					"$(SDKROOT)/Developer/Library/Frameworks",
					"$(inherited)",
				);
				INFOPLIST_FILE = swiftApp1Tests/Info.plist;
				LD_RUNPATH_SEARCH_PATHS = "$(inherited) @executable_path/Frameworks @loader_path/Frameworks";
				METAL_ENABLE_DEBUG_INFO = NO;
				PRODUCT_NAME = "$(TARGET_NAME)";
				TEST_HOST = "$(BUNDLE_LOADER)";
			};
			name = Release;
		};
/* End XCBuildConfiguration section */

/* Begin XCConfigurationList section */
		6134AE421944D769001BA921 /* Build configuration list for PBXProject "swiftApp1" */ = {
			isa = XCConfigurationList;
			buildConfigurations = (
				6134AE611944D769001BA921 /* Debug */,
				6134AE621944D769001BA921 /* Release */,
			);
			defaultConfigurationIsVisible = 0;
			defaultConfigurationName = Release;
		};
		6134AE631944D769001BA921 /* Build configuration list for PBXNativeTarget "swiftApp1" */ = {
			isa = XCConfigurationList;
			buildConfigurations = (
				6134AE641944D769001BA921 /* Debug */,
				6134AE651944D769001BA921 /* Release */,
			);
			defaultConfigurationIsVisible = 0;
		};
		6134AE661944D769001BA921 /* Build configuration list for PBXNativeTarget "swiftApp1Tests" */ = {
			isa = XCConfigurationList;
			buildConfigurations = (
				6134AE671944D769001BA921 /* Debug */,
				6134AE681944D769001BA921 /* Release */,
			);
			defaultConfigurationIsVisible = 0;
		};
/* End XCConfigurationList section */
	};
	rootObject = 6134AE3F1944D769001BA921 /* Project object */;
}
